{
  "name": "my-balance",
  "version": "1.0.0",
  "lockfileVersion": 1,
  "requires": true,
  "dependencies": {
    "erc20-js": {
      "version": "file:../..",
      "requires": {
        "web3": "0.19.1"
      },
      "dependencies": {
        "bignumber.js": {
          "version": "4.1.0",
          "bundled": true
        },
        "crypto-js": {
          "version": "3.1.8",
          "bundled": true
        },
        "utf8": {
          "version": "2.1.2",
          "bundled": true
        },
        "web3": {
          "version": "0.19.1",
          "bundled": true,
          "requires": {
            "bignumber.js": "4.1.0",
            "crypto-js": "3.1.8",
            "utf8": "2.1.2",
            "xhr2": "0.1.4",
            "xmlhttprequest": "1.8.0"
          }
        },
        "xhr2": {
          "version": "0.1.4",
          "bundled": true
        },
        "xmlhttprequest": {
          "version": "1.8.0",
          "bundled": true
        }
      }
    }
  }
}
